// !$*UTF8*$!
{
	archiveVersion = 1;
	classes = {
	};
	objectVersion = 56;
	objects = {

/* Begin PBXBuildFile section */
		CA37A8BD2C8DCEBB001D1079 /* AppDelegate.swift in Sources */ = {isa = PBXBuildFile; fileRef = CA37A8BC2C8DCEBB001D1079 /* AppDelegate.swift */; };
		CA37A8BF2C8DCEBB001D1079 /* SceneDelegate.swift in Sources */ = {isa = PBXBuildFile; fileRef = CA37A8BE2C8DCEBB001D1079 /* SceneDelegate.swift */; };
		CA37A8C12C8DCEBB001D1079 /* HomeViewController.swift in Sources */ = {isa = PBXBuildFile; fileRef = CA37A8C02C8DCEBB001D1079 /* HomeViewController.swift */; };
		CA37A8C42C8DCEBB001D1079 /* Base in Resources */ = {isa = PBXBuildFile; fileRef = CA37A8C32C8DCEBB001D1079 /* Base */; };
		CA37A8C62C8DCEBC001D1079 /* Assets.xcassets in Resources */ = {isa = PBXBuildFile; fileRef = CA37A8C52C8DCEBC001D1079 /* Assets.xcassets */; };
		CA37A8C92C8DCEBC001D1079 /* Base in Resources */ = {isa = PBXBuildFile; fileRef = CA37A8C82C8DCEBC001D1079 /* Base */; };
		CA37A8D72C8E5E15001D1079 /* TabBar.swift in Sources */ = {isa = PBXBuildFile; fileRef = CA37A8D62C8E5E15001D1079 /* TabBar.swift */; };
		CA37A8D92C8E5E69001D1079 /* MenuTableViewController.swift in Sources */ = {isa = PBXBuildFile; fileRef = CA37A8D82C8E5E69001D1079 /* MenuTableViewController.swift */; };
		CA37A8DB2C8E5E88001D1079 /* LoginViewController.swift in Sources */ = {isa = PBXBuildFile; fileRef = CA37A8DA2C8E5E88001D1079 /* LoginViewController.swift */; };
		CA37A8DD2C8E5EF7001D1079 /* DataModel.swift in Sources */ = {isa = PBXBuildFile; fileRef = CA37A8DC2C8E5EF7001D1079 /* DataModel.swift */; };
		CA37A8DF2C8E5F2C001D1079 /* DataStore.swift in Sources */ = {isa = PBXBuildFile; fileRef = CA37A8DE2C8E5F2C001D1079 /* DataStore.swift */; };
		CA37A9032C8FDA28001D1079 /* UserViewController.swift in Sources */ = {isa = PBXBuildFile; fileRef = CA37A9022C8FDA28001D1079 /* UserViewController.swift */; };
		CA37A9052C8FDD63001D1079 /* RegistrationViewController.swift in Sources */ = {isa = PBXBuildFile; fileRef = CA37A9042C8FDD63001D1079 /* RegistrationViewController.swift */; };
		CA37A9072C904C05001D1079 /* UserModel.swift in Sources */ = {isa = PBXBuildFile; fileRef = CA37A9062C904C05001D1079 /* UserModel.swift */; };
/* End PBXBuildFile section */

/* Begin PBXFileReference section */
		CA37A8B92C8DCEBB001D1079 /* FoodMenu.app */ = {isa = PBXFileReference; explicitFileType = wrapper.application; includeInIndex = 0; path = FoodMenu.app; sourceTree = BUILT_PRODUCTS_DIR; };
		CA37A8BC2C8DCEBB001D1079 /* AppDelegate.swift */ = {isa = PBXFileReference; lastKnownFileType = sourcecode.swift; path = AppDelegate.swift; sourceTree = "<group>"; };
		CA37A8BE2C8DCEBB001D1079 /* SceneDelegate.swift */ = {isa = PBXFileReference; lastKnownFileType = sourcecode.swift; path = SceneDelegate.swift; sourceTree = "<group>"; };
		CA37A8C02C8DCEBB001D1079 /* HomeViewController.swift */ = {isa = PBXFileReference; lastKnownFileType = sourcecode.swift; path = HomeViewController.swift; sourceTree = "<group>"; };
		CA37A8C32C8DCEBB001D1079 /* Base */ = {isa = PBXFileReference; lastKnownFileType = file.storyboard; name = Base; path = Base.lproj/Main.storyboard; sourceTree = "<group>"; };
		CA37A8C52C8DCEBC001D1079 /* Assets.xcassets */ = {isa = PBXFileReference; lastKnownFileType = folder.assetcatalog; path = Assets.xcassets; sourceTree = "<group>"; };
		CA37A8C82C8DCEBC001D1079 /* Base */ = {isa = PBXFileReference; lastKnownFileType = file.storyboard; name = Base; path = Base.lproj/LaunchScreen.storyboard; sourceTree = "<group>"; };
		CA37A8CA2C8DCEBC001D1079 /* Info.plist */ = {isa = PBXFileReference; lastKnownFileType = text.plist.xml; path = Info.plist; sourceTree = "<group>"; };
		CA37A8D62C8E5E15001D1079 /* TabBar.swift */ = {isa = PBXFileReference; lastKnownFileType = sourcecode.swift; path = TabBar.swift; sourceTree = "<group>"; };
		CA37A8D82C8E5E69001D1079 /* MenuTableViewController.swift */ = {isa = PBXFileReference; lastKnownFileType = sourcecode.swift; path = MenuTableViewController.swift; sourceTree = "<group>"; };
		CA37A8DA2C8E5E88001D1079 /* LoginViewController.swift */ = {isa = PBXFileReference; lastKnownFileType = sourcecode.swift; path = LoginViewController.swift; sourceTree = "<group>"; };
		CA37A8DC2C8E5EF7001D1079 /* DataModel.swift */ = {isa = PBXFileReference; lastKnownFileType = sourcecode.swift; path = DataModel.swift; sourceTree = "<group>"; };
		CA37A8DE2C8E5F2C001D1079 /* DataStore.swift */ = {isa = PBXFileReference; lastKnownFileType = sourcecode.swift; path = DataStore.swift; sourceTree = "<group>"; };
		CA37A9022C8FDA28001D1079 /* UserViewController.swift */ = {isa = PBXFileReference; lastKnownFileType = sourcecode.swift; path = UserViewController.swift; sourceTree = "<group>"; };
		CA37A9042C8FDD63001D1079 /* RegistrationViewController.swift */ = {isa = PBXFileReference; lastKnownFileType = sourcecode.swift; path = RegistrationViewController.swift; sourceTree = "<group>"; };
		CA37A9062C904C05001D1079 /* UserModel.swift */ = {isa = PBXFileReference; lastKnownFileType = sourcecode.swift; path = UserModel.swift; sourceTree = "<group>"; };
/* End PBXFileReference section */

/* Begin PBXFrameworksBuildPhase section */
		CA37A8B62C8DCEBB001D1079 /* Frameworks */ = {
			isa = PBXFrameworksBuildPhase;
			buildActionMask = 2147483647;
			files = (
			);
			runOnlyForDeploymentPostprocessing = 0;
		};
/* End PBXFrameworksBuildPhase section */

/* Begin PBXGroup section */
		CA37A8B02C8DCEBB001D1079 = {
			isa = PBXGroup;
			children = (
				CA37A8BB2C8DCEBB001D1079 /* FoodMenu */,
				CA37A8BA2C8DCEBB001D1079 /* Products */,
			);
			sourceTree = "<group>";
		};
		CA37A8BA2C8DCEBB001D1079 /* Products */ = {
			isa = PBXGroup;
			children = (
				CA37A8B92C8DCEBB001D1079 /* FoodMenu.app */,
			);
			name = Products;
			sourceTree = "<group>";
		};
		CA37A8BB2C8DCEBB001D1079 /* FoodMenu */ = {
			isa = PBXGroup;
			children = (
				CA37A8D12C8DCEFF001D1079 /* ViewControllers */,
				CA37A8D42C8DD058001D1079 /* Storyboards */,
				CA37A8D22C8DD020001D1079 /* Services */,
				CA37A8D52C8DD098001D1079 /* Models */,
				CA37A8D02C8DCEF5001D1079 /* App */,
				CA37A8D32C8DD036001D1079 /* Resourses */,
			);
			path = FoodMenu;
			sourceTree = "<group>";
		};
		CA37A8D02C8DCEF5001D1079 /* App */ = {
			isa = PBXGroup;
			children = (
				CA37A8BC2C8DCEBB001D1079 /* AppDelegate.swift */,
				CA37A8BE2C8DCEBB001D1079 /* SceneDelegate.swift */,
				CA37A8CA2C8DCEBC001D1079 /* Info.plist */,
			);
			path = App;
			sourceTree = "<group>";
		};
		CA37A8D12C8DCEFF001D1079 /* ViewControllers */ = {
			isa = PBXGroup;
			children = (
				CA37A8C02C8DCEBB001D1079 /* HomeViewController.swift */,
				CA37A9022C8FDA28001D1079 /* UserViewController.swift */,
				CA37A8D82C8E5E69001D1079 /* MenuTableViewController.swift */,
				CA37A8DA2C8E5E88001D1079 /* LoginViewController.swift */,
				CA37A8D62C8E5E15001D1079 /* TabBar.swift */,
				CA37A9042C8FDD63001D1079 /* RegistrationViewController.swift */,
			);
			path = ViewControllers;
			sourceTree = "<group>";
		};
		CA37A8D22C8DD020001D1079 /* Services */ = {
			isa = PBXGroup;
			children = (
				CA37A8DE2C8E5F2C001D1079 /* DataStore.swift */,
			);
			path = Services;
			sourceTree = "<group>";
		};
		CA37A8D32C8DD036001D1079 /* Resourses */ = {
			isa = PBXGroup;
			children = (
				CA37A8C52C8DCEBC001D1079 /* Assets.xcassets */,
			);
			path = Resourses;
			sourceTree = "<group>";
		};
		CA37A8D42C8DD058001D1079 /* Storyboards */ = {
			isa = PBXGroup;
			children = (
				CA37A8C72C8DCEBC001D1079 /* LaunchScreen.storyboard */,
				CA37A8C22C8DCEBB001D1079 /* Main.storyboard */,
			);
			path = Storyboards;
			sourceTree = "<group>";
		};
		CA37A8D52C8DD098001D1079 /* Models */ = {
			isa = PBXGroup;
			children = (
				CA37A8DC2C8E5EF7001D1079 /* DataModel.swift */,
				CA37A9062C904C05001D1079 /* UserModel.swift */,
			);
			path = Models;
			sourceTree = "<group>";
		};
/* End PBXGroup section */

/* Begin PBXNativeTarget section */
		CA37A8B82C8DCEBB001D1079 /* FoodMenu */ = {
			isa = PBXNativeTarget;
			buildConfigurationList = CA37A8CD2C8DCEBC001D1079 /* Build configuration list for PBXNativeTarget "FoodMenu" */;
			buildPhases = (
				CA37A8B52C8DCEBB001D1079 /* Sources */,
				CA37A8B62C8DCEBB001D1079 /* Frameworks */,
				CA37A8B72C8DCEBB001D1079 /* Resources */,
			);
			buildRules = (
			);
			dependencies = (
			);
			name = FoodMenu;
			productName = FoodMenu;
			productReference = CA37A8B92C8DCEBB001D1079 /* FoodMenu.app */;
			productType = "com.apple.product-type.application";
		};
/* End PBXNativeTarget section */

/* Begin PBXProject section */
		CA37A8B12C8DCEBB001D1079 /* Project object */ = {
			isa = PBXProject;
			attributes = {
				BuildIndependentTargetsInParallel = 1;
				LastSwiftUpdateCheck = 1530;
				LastUpgradeCheck = 1530;
				TargetAttributes = {
					CA37A8B82C8DCEBB001D1079 = {
						CreatedOnToolsVersion = 15.3;
					};
				};
			};
			buildConfigurationList = CA37A8B42C8DCEBB001D1079 /* Build configuration list for PBXProject "FoodMenu" */;
			compatibilityVersion = "Xcode 14.0";
			developmentRegion = en;
			hasScannedForEncodings = 0;
			knownRegions = (
				en,
				Base,
			);
			mainGroup = CA37A8B02C8DCEBB001D1079;
			productRefGroup = CA37A8BA2C8DCEBB001D1079 /* Products */;
			projectDirPath = "";
			projectRoot = "";
			targets = (
				CA37A8B82C8DCEBB001D1079 /* FoodMenu */,
			);
		};
/* End PBXProject section */

/* Begin PBXResourcesBuildPhase section */
		CA37A8B72C8DCEBB001D1079 /* Resources */ = {
			isa = PBXResourcesBuildPhase;
			buildActionMask = 2147483647;
			files = (
				CA37A8C62C8DCEBC001D1079 /* Assets.xcassets in Resources */,
				CA37A8C92C8DCEBC001D1079 /* Base in Resources */,
				CA37A8C42C8DCEBB001D1079 /* Base in Resources */,
			);
			runOnlyForDeploymentPostprocessing = 0;
		};
/* End PBXResourcesBuildPhase section */

/* Begin PBXSourcesBuildPhase section */
		CA37A8B52C8DCEBB001D1079 /* Sources */ = {
			isa = PBXSourcesBuildPhase;
			buildActionMask = 2147483647;
			files = (
				CA37A8DD2C8E5EF7001D1079 /* DataModel.swift in Sources */,
				CA37A9032C8FDA28001D1079 /* UserViewController.swift in Sources */,
				CA37A8DF2C8E5F2C001D1079 /* DataStore.swift in Sources */,
				CA37A8C12C8DCEBB001D1079 /* HomeViewController.swift in Sources */,
				CA37A9052C8FDD63001D1079 /* RegistrationViewController.swift in Sources */,
				CA37A8D72C8E5E15001D1079 /* TabBar.swift in Sources */,
				CA37A8D92C8E5E69001D1079 /* MenuTableViewController.swift in Sources */,
				CA37A8BD2C8DCEBB001D1079 /* AppDelegate.swift in Sources */,
				CA37A8BF2C8DCEBB001D1079 /* SceneDelegate.swift in Sources */,
				CA37A8DB2C8E5E88001D1079 /* LoginViewController.swift in Sources */,
				CA37A9072C904C05001D1079 /* UserModel.swift in Sources */,
			);
			runOnlyForDeploymentPostprocessing = 0;
		};
/* End PBXSourcesBuildPhase section */

/* Begin PBXVariantGroup section */
		CA37A8C22C8DCEBB001D1079 /* Main.storyboard */ = {
			isa = PBXVariantGroup;
			children = (
				CA37A8C32C8DCEBB001D1079 /* Base */,
			);
			name = Main.storyboard;
			sourceTree = "<group>";
		};
		CA37A8C72C8DCEBC001D1079 /* LaunchScreen.storyboard */ = {
			isa = PBXVariantGroup;
			children = (
				CA37A8C82C8DCEBC001D1079 /* Base */,
			);
			name = LaunchScreen.storyboard;
			sourceTree = "<group>";
		};
/* End PBXVariantGroup section */

/* Begin XCBuildConfiguration section */
		CA37A8CB2C8DCEBC001D1079 /* Debug */ = {
			isa = XCBuildConfiguration;
			buildSettings = {
				ALWAYS_SEARCH_USER_PATHS = NO;
				ASSETCATALOG_COMPILER_GENERATE_SWIFT_ASSET_SYMBOL_EXTENSIONS = YES;
				CLANG_ANALYZER_NONNULL = YES;
				CLANG_ANALYZER_NUMBER_OBJECT_CONVERSION = YES_AGGRESSIVE;
				CLANG_CXX_LANGUAGE_STANDARD = "gnu++20";
				CLANG_ENABLE_MODULES = YES;
				CLANG_ENABLE_OBJC_ARC = YES;
				CLANG_ENABLE_OBJC_WEAK = YES;
				CLANG_WARN_BLOCK_CAPTURE_AUTORELEASING = YES;
				CLANG_WARN_BOOL_CONVERSION = YES;
				CLANG_WARN_COMMA = YES;
				CLANG_WARN_CONSTANT_CONVERSION = YES;
				CLANG_WARN_DEPRECATED_OBJC_IMPLEMENTATIONS = YES;
				CLANG_WARN_DIRECT_OBJC_ISA_USAGE = YES_ERROR;
				CLANG_WARN_DOCUMENTATION_COMMENTS = YES;
				CLANG_WARN_EMPTY_BODY = YES;
				CLANG_WARN_ENUM_CONVERSION = YES;
				CLANG_WARN_INFINITE_RECURSION = YES;
				CLANG_WARN_INT_CONVERSION = YES;
				CLANG_WARN_NON_LITERAL_NULL_CONVERSION = YES;
				CLANG_WARN_OBJC_IMPLICIT_RETAIN_SELF = YES;
				CLANG_WARN_OBJC_LITERAL_CONVERSION = YES;
				CLANG_WARN_OBJC_ROOT_CLASS = YES_ERROR;
				CLANG_WARN_QUOTED_INCLUDE_IN_FRAMEWORK_HEADER = YES;
				CLANG_WARN_RANGE_LOOP_ANALYSIS = YES;
				CLANG_WARN_STRICT_PROTOTYPES = YES;
				CLANG_WARN_SUSPICIOUS_MOVE = YES;
				CLANG_WARN_UNGUARDED_AVAILABILITY = YES_AGGRESSIVE;
				CLANG_WARN_UNREACHABLE_CODE = YES;
				CLANG_WARN__DUPLICATE_METHOD_MATCH = YES;
				COPY_PHASE_STRIP = NO;
				DEBUG_INFORMATION_FORMAT = dwarf;
				ENABLE_STRICT_OBJC_MSGSEND = YES;
				ENABLE_TESTABILITY = YES;
				ENABLE_USER_SCRIPT_SANDBOXING = YES;
				GCC_C_LANGUAGE_STANDARD = gnu17;
				GCC_DYNAMIC_NO_PIC = NO;
				GCC_NO_COMMON_BLOCKS = YES;
				GCC_OPTIMIZATION_LEVEL = 0;
				GCC_PREPROCESSOR_DEFINITIONS = (
					"DEBUG=1",
					"$(inherited)",
				);
				GCC_WARN_64_TO_32_BIT_CONVERSION = YES;
				GCC_WARN_ABOUT_RETURN_TYPE = YES_ERROR;
				GCC_WARN_UNDECLARED_SELECTOR = YES;
				GCC_WARN_UNINITIALIZED_AUTOS = YES_AGGRESSIVE;
				GCC_WARN_UNUSED_FUNCTION = YES;
				GCC_WARN_UNUSED_VARIABLE = YES;
				IPHONEOS_DEPLOYMENT_TARGET = 17.4;
				LOCALIZATION_PREFERS_STRING_CATALOGS = YES;
				MTL_ENABLE_DEBUG_INFO = INCLUDE_SOURCE;
				MTL_FAST_MATH = YES;
				ONLY_ACTIVE_ARCH = YES;
				SDKROOT = iphoneos;
				SWIFT_ACTIVE_COMPILATION_CONDITIONS = "DEBUG $(inherited)";
				SWIFT_OPTIMIZATION_LEVEL = "-Onone";
			};
			name = Debug;
		};
		CA37A8CC2C8DCEBC001D1079 /* Release */ = {
			isa = XCBuildConfiguration;
			buildSettings = {
				ALWAYS_SEARCH_USER_PATHS = NO;
				ASSETCATALOG_COMPILER_GENERATE_SWIFT_ASSET_SYMBOL_EXTENSIONS = YES;
				CLANG_ANALYZER_NONNULL = YES;
				CLANG_ANALYZER_NUMBER_OBJECT_CONVERSION = YES_AGGRESSIVE;
				CLANG_CXX_LANGUAGE_STANDARD = "gnu++20";
				CLANG_ENABLE_MODULES = YES;
				CLANG_ENABLE_OBJC_ARC = YES;
				CLANG_ENABLE_OBJC_WEAK = YES;
				CLANG_WARN_BLOCK_CAPTURE_AUTORELEASING = YES;
				CLANG_WARN_BOOL_CONVERSION = YES;
				CLANG_WARN_COMMA = YES;
				CLANG_WARN_CONSTANT_CONVERSION = YES;
				CLANG_WARN_DEPRECATED_OBJC_IMPLEMENTATIONS = YES;
				CLANG_WARN_DIRECT_OBJC_ISA_USAGE = YES_ERROR;
				CLANG_WARN_DOCUMENTATION_COMMENTS = YES;
				CLANG_WARN_EMPTY_BODY = YES;
				CLANG_WARN_ENUM_CONVERSION = YES;
				CLANG_WARN_INFINITE_RECURSION = YES;
				CLANG_WARN_INT_CONVERSION = YES;
				CLANG_WARN_NON_LITERAL_NULL_CONVERSION = YES;
				CLANG_WARN_OBJC_IMPLICIT_RETAIN_SELF = YES;
				CLANG_WARN_OBJC_LITERAL_CONVERSION = YES;
				CLANG_WARN_OBJC_ROOT_CLASS = YES_ERROR;
				CLANG_WARN_QUOTED_INCLUDE_IN_FRAMEWORK_HEADER = YES;
				CLANG_WARN_RANGE_LOOP_ANALYSIS = YES;
				CLANG_WARN_STRICT_PROTOTYPES = YES;
				CLANG_WARN_SUSPICIOUS_MOVE = YES;
				CLANG_WARN_UNGUARDED_AVAILABILITY = YES_AGGRESSIVE;
				CLANG_WARN_UNREACHABLE_CODE = YES;
				CLANG_WARN__DUPLICATE_METHOD_MATCH = YES;
				COPY_PHASE_STRIP = NO;
				DEBUG_INFORMATION_FORMAT = "dwarf-with-dsym";
				ENABLE_NS_ASSERTIONS = NO;
				ENABLE_STRICT_OBJC_MSGSEND = YES;
				ENABLE_USER_SCRIPT_SANDBOXING = YES;
				GCC_C_LANGUAGE_STANDARD = gnu17;
				GCC_NO_COMMON_BLOCKS = YES;
				GCC_WARN_64_TO_32_BIT_CONVERSION = YES;
				GCC_WARN_ABOUT_RETURN_TYPE = YES_ERROR;
				GCC_WARN_UNDECLARED_SELECTOR = YES;
				GCC_WARN_UNINITIALIZED_AUTOS = YES_AGGRESSIVE;
				GCC_WARN_UNUSED_FUNCTION = YES;
				GCC_WARN_UNUSED_VARIABLE = YES;
				IPHONEOS_DEPLOYMENT_TARGET = 17.4;
				LOCALIZATION_PREFERS_STRING_CATALOGS = YES;
				MTL_ENABLE_DEBUG_INFO = NO;
				MTL_FAST_MATH = YES;
				SDKROOT = iphoneos;
				SWIFT_COMPILATION_MODE = wholemodule;
				VALIDATE_PRODUCT = YES;
			};
			name = Release;
		};
		CA37A8CE2C8DCEBC001D1079 /* Debug */ = {
			isa = XCBuildConfiguration;
			buildSettings = {
				ASSETCATALOG_COMPILER_APPICON_NAME = AppIcon;
				ASSETCATALOG_COMPILER_GLOBAL_ACCENT_COLOR_NAME = AccentColor;
				CODE_SIGN_STYLE = Automatic;
				CURRENT_PROJECT_VERSION = 1;
				DEVELOPMENT_TEAM = ACQJ3L623S;
				GENERATE_INFOPLIST_FILE = YES;
				INFOPLIST_FILE = FoodMenu/App/Info.plist;
				INFOPLIST_KEY_UIApplicationSupportsIndirectInputEvents = YES;
				INFOPLIST_KEY_UILaunchStoryboardName = LaunchScreen;
				INFOPLIST_KEY_UIMainStoryboardFile = Main;
				INFOPLIST_KEY_UISupportedInterfaceOrientations_iPad = "UIInterfaceOrientationPortrait UIInterfaceOrientationPortraitUpsideDown UIInterfaceOrientationLandscapeLeft UIInterfaceOrientationLandscapeRight";
				INFOPLIST_KEY_UISupportedInterfaceOrientations_iPhone = "UIInterfaceOrientationPortrait UIInterfaceOrientationLandscapeLeft UIInterfaceOrientationLandscapeRight";
				LD_RUNPATH_SEARCH_PATHS = (
					"$(inherited)",
					"@executable_path/Frameworks",
				);
				MARKETING_VERSION = 1.0;
				PRODUCT_BUNDLE_IDENTIFIER = ScholInSwiftbook.FoodMenu;
				PRODUCT_NAME = "$(TARGET_NAME)";
				SUPPORTED_PLATFORMS = "iphoneos iphonesimulator";
				SUPPORTS_MACCATALYST = NO;
				SUPPORTS_MAC_DESIGNED_FOR_IPHONE_IPAD = NO;
				SUPPORTS_XR_DESIGNED_FOR_IPHONE_IPAD = NO;
				SWIFT_EMIT_LOC_STRINGS = YES;
				SWIFT_VERSION = 5.0;
				TARGETED_DEVICE_FAMILY = 1;
			};
			name = Debug;
		};
		CA37A8CF2C8DCEBC001D1079 /* Release */ = {
			isa = XCBuildConfiguration;
			buildSettings = {
				ASSETCATALOG_COMPILER_APPICON_NAME = AppIcon;
				ASSETCATALOG_COMPILER_GLOBAL_ACCENT_COLOR_NAME = AccentColor;
				CODE_SIGN_STYLE = Automatic;
				CURRENT_PROJECT_VERSION = 1;
				DEVELOPMENT_TEAM = ACQJ3L623S;
				GENERATE_INFOPLIST_FILE = YES;
				INFOPLIST_FILE = FoodMenu/App/Info.plist;
				INFOPLIST_KEY_UIApplicationSupportsIndirectInputEvents = YES;
				INFOPLIST_KEY_UILaunchStoryboardName = LaunchScreen;
				INFOPLIST_KEY_UIMainStoryboardFile = Main;
				INFOPLIST_KEY_UISupportedInterfaceOrientations_iPad = "UIInterfaceOrientationPortrait UIInterfaceOrientationPortraitUpsideDown UIInterfaceOrientationLandscapeLeft UIInterfaceOrientationLandscapeRight";
				INFOPLIST_KEY_UISupportedInterfaceOrientations_iPhone = "UIInterfaceOrientationPortrait UIInterfaceOrientationLandscapeLeft UIInterfaceOrientationLandscapeRight";
				LD_RUNPATH_SEARCH_PATHS = (
					"$(inherited)",
					"@executable_path/Frameworks",
				);
				MARKETING_VERSION = 1.0;
				PRODUCT_BUNDLE_IDENTIFIER = ScholInSwiftbook.FoodMenu;
				PRODUCT_NAME = "$(TARGET_NAME)";
				SUPPORTED_PLATFORMS = "iphoneos iphonesimulator";
				SUPPORTS_MACCATALYST = NO;
				SUPPORTS_MAC_DESIGNED_FOR_IPHONE_IPAD = NO;
				SUPPORTS_XR_DESIGNED_FOR_IPHONE_IPAD = NO;
				SWIFT_EMIT_LOC_STRINGS = YES;
				SWIFT_VERSION = 5.0;
				TARGETED_DEVICE_FAMILY = 1;
			};
			name = Release;
		};
/* End XCBuildConfiguration section */

/* Begin XCConfigurationList section */
		CA37A8B42C8DCEBB001D1079 /* Build configuration list for PBXProject "FoodMenu" */ = {
			isa = XCConfigurationList;
			buildConfigurations = (
				CA37A8CB2C8DCEBC001D1079 /* Debug */,
				CA37A8CC2C8DCEBC001D1079 /* Release */,
			);
			defaultConfigurationIsVisible = 0;
			defaultConfigurationName = Release;
		};
		CA37A8CD2C8DCEBC001D1079 /* Build configuration list for PBXNativeTarget "FoodMenu" */ = {
			isa = XCConfigurationList;
			buildConfigurations = (
				CA37A8CE2C8DCEBC001D1079 /* Debug */,
				CA37A8CF2C8DCEBC001D1079 /* Release */,
			);
			defaultConfigurationIsVisible = 0;
			defaultConfigurationName = Release;
		};
/* End XCConfigurationList section */
	};
	rootObject = CA37A8B12C8DCEBB001D1079 /* Project object */;
}
